// !$*UTF8*$!
{
	archiveVersion = 1;
	classes = {
	};
	objectVersion = 50;
	objects = {

/* Begin PBXBuildFile section */
		73EB3AF4862F18D550D098B0 /* Pods_JWSRxSwiftBeginningSample.framework in Frameworks */ = {isa = PBXBuildFile; fileRef = DDF64E9601F7355911728BA8 /* Pods_JWSRxSwiftBeginningSample.framework */; };
		BC19290421996CFA00690A73 /* FlatMap.storyboard in Resources */ = {isa = PBXBuildFile; fileRef = BC19290321996CFA00690A73 /* FlatMap.storyboard */; };
		BC19290621996D0F00690A73 /* FlatMapViewController.swift in Sources */ = {isa = PBXBuildFile; fileRef = BC19290521996D0F00690A73 /* FlatMapViewController.swift */; };
		BC1929092199902A00690A73 /* MapViewController.swift in Sources */ = {isa = PBXBuildFile; fileRef = BC1929082199902A00690A73 /* MapViewController.swift */; };
		BC19290B2199904200690A73 /* Map.storyboard in Resources */ = {isa = PBXBuildFile; fileRef = BC19290A2199904200690A73 /* Map.storyboard */; };
		BC2778AF219E1E540011D4EB /* README.md in Resources */ = {isa = PBXBuildFile; fileRef = BC2778AE219E1E540011D4EB /* README.md */; };
		BC2778B2219E217C0011D4EB /* Gugudan.storyboard in Resources */ = {isa = PBXBuildFile; fileRef = BC2778B1219E217C0011D4EB /* Gugudan.storyboard */; };
		BC2778B6219E21A90011D4EB /* GugudanViewController.swift in Sources */ = {isa = PBXBuildFile; fileRef = BC2778B5219E21A90011D4EB /* GugudanViewController.swift */; };
		BC359C4421A2A4FA00DE22A5 /* Filter.storyboard in Resources */ = {isa = PBXBuildFile; fileRef = BC359C4321A2A4FA00DE22A5 /* Filter.storyboard */; };
		BC359C4621A2A50C00DE22A5 /* FilterViewController.swift in Sources */ = {isa = PBXBuildFile; fileRef = BC359C4521A2A50C00DE22A5 /* FilterViewController.swift */; };
		BC359C4A21A3E5E900DE22A5 /* Interval.storyboard in Resources */ = {isa = PBXBuildFile; fileRef = BC359C4921A3E5E900DE22A5 /* Interval.storyboard */; };
		BC359C4C21A3E5FD00DE22A5 /* IntervalViewController.swift in Sources */ = {isa = PBXBuildFile; fileRef = BC359C4B21A3E5FD00DE22A5 /* IntervalViewController.swift */; };
		BCAEBD842195181300992902 /* Create.storyboard in Resources */ = {isa = PBXBuildFile; fileRef = BCAEBD832195181300992902 /* Create.storyboard */; };
		BCAEBD86219540C500992902 /* CreateViewController.swift in Sources */ = {isa = PBXBuildFile; fileRef = BCAEBD85219540C500992902 /* CreateViewController.swift */; };
		BCAEBD8A21955A0300992902 /* Just.storyboard in Resources */ = {isa = PBXBuildFile; fileRef = BCAEBD8921955A0300992902 /* Just.storyboard */; };
		BCAEBD8C21955A3400992902 /* JustViewController.swift in Sources */ = {isa = PBXBuildFile; fileRef = BCAEBD8B21955A3400992902 /* JustViewController.swift */; };
		BCAEBD8E21955A5200992902 /* Scan.storyboard in Resources */ = {isa = PBXBuildFile; fileRef = BCAEBD8D21955A5200992902 /* Scan.storyboard */; };
		BCAEBD9021955A6100992902 /* ScanViewController.swift in Sources */ = {isa = PBXBuildFile; fileRef = BCAEBD8F21955A6100992902 /* ScanViewController.swift */; };
		BCB288FA21A4FE8C007926A2 /* Timer.storyboard in Resources */ = {isa = PBXBuildFile; fileRef = BCB288F921A4FE8C007926A2 /* Timer.storyboard */; };
		BCB288FC21A4FEA7007926A2 /* TimerViewController.swift in Sources */ = {isa = PBXBuildFile; fileRef = BCB288FB21A4FEA7007926A2 /* TimerViewController.swift */; };
		BCB288FF21A54362007926A2 /* Deferred.storyboard in Resources */ = {isa = PBXBuildFile; fileRef = BCB288FE21A54362007926A2 /* Deferred.storyboard */; };
		BCB2890121A54370007926A2 /* DeferredViewController.swift in Sources */ = {isa = PBXBuildFile; fileRef = BCB2890021A54370007926A2 /* DeferredViewController.swift */; };
		BCB2890421A6C496007926A2 /* ConcatMap.storyboard in Resources */ = {isa = PBXBuildFile; fileRef = BCB2890321A6C496007926A2 /* ConcatMap.storyboard */; };
		BCB2890621A6C4B6007926A2 /* ConcatMapViewController.swift in Sources */ = {isa = PBXBuildFile; fileRef = BCB2890521A6C4B6007926A2 /* ConcatMapViewController.swift */; };
		BCC17E2F219DA31E00848071 /* Zip.storyboard in Resources */ = {isa = PBXBuildFile; fileRef = BCC17E2E219DA31E00848071 /* Zip.storyboard */; };
		BCC17E31219DA34200848071 /* ZipViewController.swift in Sources */ = {isa = PBXBuildFile; fileRef = BCC17E30219DA34200848071 /* ZipViewController.swift */; };
		BCC17E34219DBD2500848071 /* Of.storyboard in Resources */ = {isa = PBXBuildFile; fileRef = BCC17E33219DBD2500848071 /* Of.storyboard */; };
		BCC17E36219DBD3F00848071 /* OfViewController.swift in Sources */ = {isa = PBXBuildFile; fileRef = BCC17E35219DBD3F00848071 /* OfViewController.swift */; };
		BCC17E39219DC13700848071 /* Range.storyboard in Resources */ = {isa = PBXBuildFile; fileRef = BCC17E38219DC13700848071 /* Range.storyboard */; };
		BCC17E3B219DC14600848071 /* RangeViewController.swift in Sources */ = {isa = PBXBuildFile; fileRef = BCC17E3A219DC14600848071 /* RangeViewController.swift */; };
		BCCEEECC21AE5F4C00AC44C3 /* PublishSubject.storyboard in Resources */ = {isa = PBXBuildFile; fileRef = BCCEEECB21AE5F4C00AC44C3 /* PublishSubject.storyboard */; };
		BCCEEECE21AE5F6E00AC44C3 /* PublishSubjectViewController.swift in Sources */ = {isa = PBXBuildFile; fileRef = BCCEEECD21AE5F6E00AC44C3 /* PublishSubjectViewController.swift */; };
		BCCEEED121AF5C9A00AC44C3 /* ReplaySubject.storyboard in Resources */ = {isa = PBXBuildFile; fileRef = BCCEEED021AF5C9A00AC44C3 /* ReplaySubject.storyboard */; };
		BCCEEED321AF5CB200AC44C3 /* ReplaySubjectViewController.swift in Sources */ = {isa = PBXBuildFile; fileRef = BCCEEED221AF5CB200AC44C3 /* ReplaySubjectViewController.swift */; };
		BCCEEED621AF866800AC44C3 /* BehaviorSubject.storyboard in Resources */ = {isa = PBXBuildFile; fileRef = BCCEEED521AF866800AC44C3 /* BehaviorSubject.storyboard */; };
		BCCEEED821AF87C500AC44C3 /* BehaviorSubjectViewController.swift in Sources */ = {isa = PBXBuildFile; fileRef = BCCEEED721AF87C500AC44C3 /* BehaviorSubjectViewController.swift */; };
		BCCEEF1721B0B10000AC44C3 /* Variable.storyboard in Resources */ = {isa = PBXBuildFile; fileRef = BCCEEF1621B0B10000AC44C3 /* Variable.storyboard */; };
		BCCEEF1921B0B11200AC44C3 /* VariableViewController.swift in Sources */ = {isa = PBXBuildFile; fileRef = BCCEEF1821B0B11200AC44C3 /* VariableViewController.swift */; };
		BCCEEF1C21B0D88100AC44C3 /* BehaviorRelay.storyboard in Resources */ = {isa = PBXBuildFile; fileRef = BCCEEF1B21B0D88100AC44C3 /* BehaviorRelay.storyboard */; };
		BCCEEF1E21B0D89C00AC44C3 /* BehaviorRelayViewController.swift in Sources */ = {isa = PBXBuildFile; fileRef = BCCEEF1D21B0D89C00AC44C3 /* BehaviorRelayViewController.swift */; };
		BCCEEF2121B10C8F00AC44C3 /* PublishRelay.storyboard in Resources */ = {isa = PBXBuildFile; fileRef = BCCEEF2021B10C8F00AC44C3 /* PublishRelay.storyboard */; };
		BCCEEF2321B10C9D00AC44C3 /* PublishRelayViewController.swift in Sources */ = {isa = PBXBuildFile; fileRef = BCCEEF2221B10C9D00AC44C3 /* PublishRelayViewController.swift */; };
		BCDE982821B12972006615BC /* ConcatViewController.swift in Sources */ = {isa = PBXBuildFile; fileRef = BCDE982721B12972006615BC /* ConcatViewController.swift */; };
		BCDE982A21B1297E006615BC /* Concat.storyboard in Resources */ = {isa = PBXBuildFile; fileRef = BCDE982921B1297E006615BC /* Concat.storyboard */; };
		BCE3061E2193F95C00611ADF /* AppDelegate.swift in Sources */ = {isa = PBXBuildFile; fileRef = BCE3061D2193F95C00611ADF /* AppDelegate.swift */; };
		BCE306202193F95C00611ADF /* ViewController.swift in Sources */ = {isa = PBXBuildFile; fileRef = BCE3061F2193F95C00611ADF /* ViewController.swift */; };
		BCE306232193F95C00611ADF /* Main.storyboard in Resources */ = {isa = PBXBuildFile; fileRef = BCE306212193F95C00611ADF /* Main.storyboard */; };
		BCE306252193F95D00611ADF /* Assets.xcassets in Resources */ = {isa = PBXBuildFile; fileRef = BCE306242193F95D00611ADF /* Assets.xcassets */; };
		BCE306282193F95D00611ADF /* LaunchScreen.storyboard in Resources */ = {isa = PBXBuildFile; fileRef = BCE306262193F95D00611ADF /* LaunchScreen.storyboard */; };
		BCE306352193FCC100611ADF /* BaseViewController.swift in Sources */ = {isa = PBXBuildFile; fileRef = BCE306342193FCC100611ADF /* BaseViewController.swift */; };
		BCE30639219418E000611ADF /* UIViewControllerExtension.swift in Sources */ = {isa = PBXBuildFile; fileRef = BCE30638219418E000611ADF /* UIViewControllerExtension.swift */; };
		BCE3063E2194259700611ADF /* StartViewController.swift in Sources */ = {isa = PBXBuildFile; fileRef = BCE3063D2194259700611ADF /* StartViewController.swift */; };
		BCE306402194274E00611ADF /* Start.storyboard in Resources */ = {isa = PBXBuildFile; fileRef = BCE3063F2194274E00611ADF /* Start.storyboard */; };
/* End PBXBuildFile section */

/* Begin PBXFileReference section */
		BC19290321996CFA00690A73 /* FlatMap.storyboard */ = {isa = PBXFileReference; lastKnownFileType = file.storyboard; path = FlatMap.storyboard; sourceTree = "<group>"; };
		BC19290521996D0F00690A73 /* FlatMapViewController.swift */ = {isa = PBXFileReference; lastKnownFileType = sourcecode.swift; path = FlatMapViewController.swift; sourceTree = "<group>"; };
		BC1929082199902A00690A73 /* MapViewController.swift */ = {isa = PBXFileReference; lastKnownFileType = sourcecode.swift; path = MapViewController.swift; sourceTree = "<group>"; };
		BC19290A2199904200690A73 /* Map.storyboard */ = {isa = PBXFileReference; lastKnownFileType = file.storyboard; path = Map.storyboard; sourceTree = "<group>"; };
		BC2778AE219E1E540011D4EB /* README.md */ = {isa = PBXFileReference; fileEncoding = 4; lastKnownFileType = net.daringfireball.markdown; name = README.md; path = ../README.md; sourceTree = "<group>"; };
		BC2778B1219E217C0011D4EB /* Gugudan.storyboard */ = {isa = PBXFileReference; lastKnownFileType = file.storyboard; path = Gugudan.storyboard; sourceTree = "<group>"; };
		BC2778B5219E21A90011D4EB /* GugudanViewController.swift */ = {isa = PBXFileReference; lastKnownFileType = sourcecode.swift; path = GugudanViewController.swift; sourceTree = "<group>"; };
		BC359C4321A2A4FA00DE22A5 /* Filter.storyboard */ = {isa = PBXFileReference; lastKnownFileType = file.storyboard; path = Filter.storyboard; sourceTree = "<group>"; };
		BC359C4521A2A50C00DE22A5 /* FilterViewController.swift */ = {isa = PBXFileReference; lastKnownFileType = sourcecode.swift; path = FilterViewController.swift; sourceTree = "<group>"; };
		BC359C4921A3E5E900DE22A5 /* Interval.storyboard */ = {isa = PBXFileReference; lastKnownFileType = file.storyboard; path = Interval.storyboard; sourceTree = "<group>"; };
		BC359C4B21A3E5FD00DE22A5 /* IntervalViewController.swift */ = {isa = PBXFileReference; lastKnownFileType = sourcecode.swift; path = IntervalViewController.swift; sourceTree = "<group>"; };
		BCAEBD832195181300992902 /* Create.storyboard */ = {isa = PBXFileReference; lastKnownFileType = file.storyboard; path = Create.storyboard; sourceTree = "<group>"; };
		BCAEBD85219540C500992902 /* CreateViewController.swift */ = {isa = PBXFileReference; lastKnownFileType = sourcecode.swift; path = CreateViewController.swift; sourceTree = "<group>"; };
		BCAEBD8921955A0300992902 /* Just.storyboard */ = {isa = PBXFileReference; lastKnownFileType = file.storyboard; path = Just.storyboard; sourceTree = "<group>"; };
		BCAEBD8B21955A3400992902 /* JustViewController.swift */ = {isa = PBXFileReference; lastKnownFileType = sourcecode.swift; path = JustViewController.swift; sourceTree = "<group>"; };
		BCAEBD8D21955A5200992902 /* Scan.storyboard */ = {isa = PBXFileReference; lastKnownFileType = file.storyboard; path = Scan.storyboard; sourceTree = "<group>"; };
		BCAEBD8F21955A6100992902 /* ScanViewController.swift */ = {isa = PBXFileReference; lastKnownFileType = sourcecode.swift; path = ScanViewController.swift; sourceTree = "<group>"; };
		BCB288F921A4FE8C007926A2 /* Timer.storyboard */ = {isa = PBXFileReference; lastKnownFileType = file.storyboard; path = Timer.storyboard; sourceTree = "<group>"; };
		BCB288FB21A4FEA7007926A2 /* TimerViewController.swift */ = {isa = PBXFileReference; lastKnownFileType = sourcecode.swift; path = TimerViewController.swift; sourceTree = "<group>"; };
		BCB288FE21A54362007926A2 /* Deferred.storyboard */ = {isa = PBXFileReference; lastKnownFileType = file.storyboard; path = Deferred.storyboard; sourceTree = "<group>"; };
		BCB2890021A54370007926A2 /* DeferredViewController.swift */ = {isa = PBXFileReference; lastKnownFileType = sourcecode.swift; path = DeferredViewController.swift; sourceTree = "<group>"; };
		BCB2890321A6C496007926A2 /* ConcatMap.storyboard */ = {isa = PBXFileReference; lastKnownFileType = file.storyboard; path = ConcatMap.storyboard; sourceTree = "<group>"; };
		BCB2890521A6C4B6007926A2 /* ConcatMapViewController.swift */ = {isa = PBXFileReference; lastKnownFileType = sourcecode.swift; path = ConcatMapViewController.swift; sourceTree = "<group>"; };
		BCC17E2E219DA31E00848071 /* Zip.storyboard */ = {isa = PBXFileReference; lastKnownFileType = file.storyboard; path = Zip.storyboard; sourceTree = "<group>"; };
		BCC17E30219DA34200848071 /* ZipViewController.swift */ = {isa = PBXFileReference; lastKnownFileType = sourcecode.swift; path = ZipViewController.swift; sourceTree = "<group>"; };
		BCC17E33219DBD2500848071 /* Of.storyboard */ = {isa = PBXFileReference; lastKnownFileType = file.storyboard; path = Of.storyboard; sourceTree = "<group>"; };
		BCC17E35219DBD3F00848071 /* OfViewController.swift */ = {isa = PBXFileReference; lastKnownFileType = sourcecode.swift; path = OfViewController.swift; sourceTree = "<group>"; };
		BCC17E38219DC13700848071 /* Range.storyboard */ = {isa = PBXFileReference; lastKnownFileType = file.storyboard; path = Range.storyboard; sourceTree = "<group>"; };
		BCC17E3A219DC14600848071 /* RangeViewController.swift */ = {isa = PBXFileReference; lastKnownFileType = sourcecode.swift; path = RangeViewController.swift; sourceTree = "<group>"; };
		BCCEEECB21AE5F4C00AC44C3 /* PublishSubject.storyboard */ = {isa = PBXFileReference; lastKnownFileType = file.storyboard; path = PublishSubject.storyboard; sourceTree = "<group>"; };
		BCCEEECD21AE5F6E00AC44C3 /* PublishSubjectViewController.swift */ = {isa = PBXFileReference; lastKnownFileType = sourcecode.swift; path = PublishSubjectViewController.swift; sourceTree = "<group>"; };
		BCCEEED021AF5C9A00AC44C3 /* ReplaySubject.storyboard */ = {isa = PBXFileReference; lastKnownFileType = file.storyboard; path = ReplaySubject.storyboard; sourceTree = "<group>"; };
		BCCEEED221AF5CB200AC44C3 /* ReplaySubjectViewController.swift */ = {isa = PBXFileReference; lastKnownFileType = sourcecode.swift; path = ReplaySubjectViewController.swift; sourceTree = "<group>"; };
		BCCEEED521AF866800AC44C3 /* BehaviorSubject.storyboard */ = {isa = PBXFileReference; lastKnownFileType = file.storyboard; path = BehaviorSubject.storyboard; sourceTree = "<group>"; };
		BCCEEED721AF87C500AC44C3 /* BehaviorSubjectViewController.swift */ = {isa = PBXFileReference; lastKnownFileType = sourcecode.swift; path = BehaviorSubjectViewController.swift; sourceTree = "<group>"; };
		BCCEEF1621B0B10000AC44C3 /* Variable.storyboard */ = {isa = PBXFileReference; lastKnownFileType = file.storyboard; path = Variable.storyboard; sourceTree = "<group>"; };
		BCCEEF1821B0B11200AC44C3 /* VariableViewController.swift */ = {isa = PBXFileReference; lastKnownFileType = sourcecode.swift; path = VariableViewController.swift; sourceTree = "<group>"; };
		BCCEEF1B21B0D88100AC44C3 /* BehaviorRelay.storyboard */ = {isa = PBXFileReference; lastKnownFileType = file.storyboard; path = BehaviorRelay.storyboard; sourceTree = "<group>"; };
		BCCEEF1D21B0D89C00AC44C3 /* BehaviorRelayViewController.swift */ = {isa = PBXFileReference; lastKnownFileType = sourcecode.swift; path = BehaviorRelayViewController.swift; sourceTree = "<group>"; };
		BCCEEF2021B10C8F00AC44C3 /* PublishRelay.storyboard */ = {isa = PBXFileReference; lastKnownFileType = file.storyboard; path = PublishRelay.storyboard; sourceTree = "<group>"; };
		BCCEEF2221B10C9D00AC44C3 /* PublishRelayViewController.swift */ = {isa = PBXFileReference; lastKnownFileType = sourcecode.swift; path = PublishRelayViewController.swift; sourceTree = "<group>"; };
		BCDE982721B12972006615BC /* ConcatViewController.swift */ = {isa = PBXFileReference; lastKnownFileType = sourcecode.swift; path = ConcatViewController.swift; sourceTree = "<group>"; };
		BCDE982921B1297E006615BC /* Concat.storyboard */ = {isa = PBXFileReference; lastKnownFileType = file.storyboard; path = Concat.storyboard; sourceTree = "<group>"; };
		BCE3061A2193F95C00611ADF /* JWSRxSwiftBeginningSample.app */ = {isa = PBXFileReference; explicitFileType = wrapper.application; includeInIndex = 0; path = JWSRxSwiftBeginningSample.app; sourceTree = BUILT_PRODUCTS_DIR; };
		BCE3061D2193F95C00611ADF /* AppDelegate.swift */ = {isa = PBXFileReference; lastKnownFileType = sourcecode.swift; path = AppDelegate.swift; sourceTree = "<group>"; };
		BCE3061F2193F95C00611ADF /* ViewController.swift */ = {isa = PBXFileReference; lastKnownFileType = sourcecode.swift; path = ViewController.swift; sourceTree = "<group>"; };
		BCE306222193F95C00611ADF /* Base */ = {isa = PBXFileReference; lastKnownFileType = file.storyboard; name = Base; path = Base.lproj/Main.storyboard; sourceTree = "<group>"; };
		BCE306242193F95D00611ADF /* Assets.xcassets */ = {isa = PBXFileReference; lastKnownFileType = folder.assetcatalog; path = Assets.xcassets; sourceTree = "<group>"; };
		BCE306272193F95D00611ADF /* Base */ = {isa = PBXFileReference; lastKnownFileType = file.storyboard; name = Base; path = Base.lproj/LaunchScreen.storyboard; sourceTree = "<group>"; };
		BCE306292193F95D00611ADF /* Info.plist */ = {isa = PBXFileReference; lastKnownFileType = text.plist.xml; path = Info.plist; sourceTree = "<group>"; };
		BCE3062F2193FC0800611ADF /* JWSRxSwiftBeginningSample-Bridging-Header.h */ = {isa = PBXFileReference; lastKnownFileType = sourcecode.c.h; path = "JWSRxSwiftBeginningSample-Bridging-Header.h"; sourceTree = "<group>"; };
		BCE306342193FCC100611ADF /* BaseViewController.swift */ = {isa = PBXFileReference; lastKnownFileType = sourcecode.swift; path = BaseViewController.swift; sourceTree = "<group>"; };
		BCE30638219418E000611ADF /* UIViewControllerExtension.swift */ = {isa = PBXFileReference; lastKnownFileType = sourcecode.swift; path = UIViewControllerExtension.swift; sourceTree = "<group>"; };
		BCE3063D2194259700611ADF /* StartViewController.swift */ = {isa = PBXFileReference; lastKnownFileType = sourcecode.swift; path = StartViewController.swift; sourceTree = "<group>"; };
		BCE3063F2194274E00611ADF /* Start.storyboard */ = {isa = PBXFileReference; lastKnownFileType = file.storyboard; path = Start.storyboard; sourceTree = "<group>"; };
		C5E7A5D155023D6FA0F3090D /* Pods-JWSRxSwiftBeginningSample.debug.xcconfig */ = {isa = PBXFileReference; includeInIndex = 1; lastKnownFileType = text.xcconfig; name = "Pods-JWSRxSwiftBeginningSample.debug.xcconfig"; path = "Pods/Target Support Files/Pods-JWSRxSwiftBeginningSample/Pods-JWSRxSwiftBeginningSample.debug.xcconfig"; sourceTree = "<group>"; };
		DDF64E9601F7355911728BA8 /* Pods_JWSRxSwiftBeginningSample.framework */ = {isa = PBXFileReference; explicitFileType = wrapper.framework; includeInIndex = 0; path = Pods_JWSRxSwiftBeginningSample.framework; sourceTree = BUILT_PRODUCTS_DIR; };
		EDEB0E7C9814C92094511CE6 /* Pods-JWSRxSwiftBeginningSample.release.xcconfig */ = {isa = PBXFileReference; includeInIndex = 1; lastKnownFileType = text.xcconfig; name = "Pods-JWSRxSwiftBeginningSample.release.xcconfig"; path = "Pods/Target Support Files/Pods-JWSRxSwiftBeginningSample/Pods-JWSRxSwiftBeginningSample.release.xcconfig"; sourceTree = "<group>"; };
/* End PBXFileReference section */

/* Begin PBXFrameworksBuildPhase section */
		BCE306172193F95C00611ADF /* Frameworks */ = {
			isa = PBXFrameworksBuildPhase;
			buildActionMask = 2147483647;
			files = (
				73EB3AF4862F18D550D098B0 /* Pods_JWSRxSwiftBeginningSample.framework in Frameworks */,
			);
			runOnlyForDeploymentPostprocessing = 0;
		};
/* End PBXFrameworksBuildPhase section */

/* Begin PBXGroup section */
		1FA0C61AF3084DF942FB014A /* Frameworks */ = {
			isa = PBXGroup;
			children = (
				DDF64E9601F7355911728BA8 /* Pods_JWSRxSwiftBeginningSample.framework */,
			);
			name = Frameworks;
			sourceTree = "<group>";
		};
		B18BAB4C016511BC51B7AD4C /* Pods */ = {
			isa = PBXGroup;
			children = (
				C5E7A5D155023D6FA0F3090D /* Pods-JWSRxSwiftBeginningSample.debug.xcconfig */,
				EDEB0E7C9814C92094511CE6 /* Pods-JWSRxSwiftBeginningSample.release.xcconfig */,
			);
			name = Pods;
			sourceTree = "<group>";
		};
		BC19290221996CD300690A73 /* FlatMap */ = {
			isa = PBXGroup;
			children = (
				BC19290321996CFA00690A73 /* FlatMap.storyboard */,
				BC19290521996D0F00690A73 /* FlatMapViewController.swift */,
			);
			path = FlatMap;
			sourceTree = "<group>";
		};
		BC1929072199900E00690A73 /* Map */ = {
			isa = PBXGroup;
			children = (
				BC19290A2199904200690A73 /* Map.storyboard */,
				BC1929082199902A00690A73 /* MapViewController.swift */,
			);
			path = Map;
			sourceTree = "<group>";
		};
		BC2778B0219E215F0011D4EB /* Gugudan */ = {
			isa = PBXGroup;
			children = (
				BC2778B1219E217C0011D4EB /* Gugudan.storyboard */,
				BC2778B5219E21A90011D4EB /* GugudanViewController.swift */,
			);
			path = Gugudan;
			sourceTree = "<group>";
		};
		BC359C4221A2A28D00DE22A5 /* Filter */ = {
			isa = PBXGroup;
			children = (
				BC359C4321A2A4FA00DE22A5 /* Filter.storyboard */,
				BC359C4521A2A50C00DE22A5 /* FilterViewController.swift */,
			);
			path = Filter;
			sourceTree = "<group>";
		};
		BC359C4821A3E5C700DE22A5 /* Interval */ = {
			isa = PBXGroup;
			children = (
				BC359C4921A3E5E900DE22A5 /* Interval.storyboard */,
				BC359C4B21A3E5FD00DE22A5 /* IntervalViewController.swift */,
			);
			path = Interval;
			sourceTree = "<group>";
		};
		BCAEBD872195543200992902 /* Just */ = {
			isa = PBXGroup;
			children = (
				BCAEBD8921955A0300992902 /* Just.storyboard */,
				BCAEBD8B21955A3400992902 /* JustViewController.swift */,
			);
			path = Just;
			sourceTree = "<group>";
		};
		BCAEBD882195543E00992902 /* Scan */ = {
			isa = PBXGroup;
			children = (
				BCAEBD8D21955A5200992902 /* Scan.storyboard */,
				BCAEBD8F21955A6100992902 /* ScanViewController.swift */,
			);
			path = Scan;
			sourceTree = "<group>";
		};
		BCB288F821A4FE5A007926A2 /* Timer */ = {
			isa = PBXGroup;
			children = (
				BCB288F921A4FE8C007926A2 /* Timer.storyboard */,
				BCB288FB21A4FEA7007926A2 /* TimerViewController.swift */,
			);
			path = Timer;
			sourceTree = "<group>";
		};
		BCB288FD21A5433B007926A2 /* Defer */ = {
			isa = PBXGroup;
			children = (
				BCB288FE21A54362007926A2 /* Deferred.storyboard */,
				BCB2890021A54370007926A2 /* DeferredViewController.swift */,
			);
			path = Defer;
			sourceTree = "<group>";
		};
		BCB2890221A6C479007926A2 /* ConcatMap */ = {
			isa = PBXGroup;
			children = (
				BCB2890321A6C496007926A2 /* ConcatMap.storyboard */,
				BCB2890521A6C4B6007926A2 /* ConcatMapViewController.swift */,
			);
			path = ConcatMap;
			sourceTree = "<group>";
		};
		BCC17E2D219DA30000848071 /* Zip */ = {
			isa = PBXGroup;
			children = (
				BCC17E2E219DA31E00848071 /* Zip.storyboard */,
				BCC17E30219DA34200848071 /* ZipViewController.swift */,
			);
			path = Zip;
			sourceTree = "<group>";
		};
		BCC17E32219DBD0C00848071 /* Of */ = {
			isa = PBXGroup;
			children = (
				BCC17E33219DBD2500848071 /* Of.storyboard */,
				BCC17E35219DBD3F00848071 /* OfViewController.swift */,
			);
			path = Of;
			sourceTree = "<group>";
		};
		BCC17E37219DC12100848071 /* Range */ = {
			isa = PBXGroup;
			children = (
				BCC17E38219DC13700848071 /* Range.storyboard */,
				BCC17E3A219DC14600848071 /* RangeViewController.swift */,
			);
			path = Range;
			sourceTree = "<group>";
		};
		BCCEEECA21AE5F3600AC44C3 /* PublishSubject */ = {
			isa = PBXGroup;
			children = (
				BCCEEECB21AE5F4C00AC44C3 /* PublishSubject.storyboard */,
				BCCEEECD21AE5F6E00AC44C3 /* PublishSubjectViewController.swift */,
			);
			path = PublishSubject;
			sourceTree = "<group>";
		};
		BCCEEECF21AF5C7A00AC44C3 /* ReplaySubject */ = {
			isa = PBXGroup;
			children = (
				BCCEEED021AF5C9A00AC44C3 /* ReplaySubject.storyboard */,
				BCCEEED221AF5CB200AC44C3 /* ReplaySubjectViewController.swift */,
			);
			path = ReplaySubject;
			sourceTree = "<group>";
		};
		BCCEEED421AF840100AC44C3 /* BehaviorSubject */ = {
			isa = PBXGroup;
			children = (
				BCCEEED521AF866800AC44C3 /* BehaviorSubject.storyboard */,
				BCCEEED721AF87C500AC44C3 /* BehaviorSubjectViewController.swift */,
			);
			path = BehaviorSubject;
			sourceTree = "<group>";
		};
		BCCEEF1521B0AF5500AC44C3 /* Variable */ = {
			isa = PBXGroup;
			children = (
				BCCEEF1621B0B10000AC44C3 /* Variable.storyboard */,
				BCCEEF1821B0B11200AC44C3 /* VariableViewController.swift */,
			);
			path = Variable;
			sourceTree = "<group>";
		};
		BCCEEF1A21B0D85300AC44C3 /* BehaviorReplay */ = {
			isa = PBXGroup;
			children = (
				BCCEEF1B21B0D88100AC44C3 /* BehaviorRelay.storyboard */,
				BCCEEF1D21B0D89C00AC44C3 /* BehaviorRelayViewController.swift */,
			);
			path = BehaviorReplay;
			sourceTree = "<group>";
		};
		BCCEEF1F21B1022000AC44C3 /* PublishRelay */ = {
			isa = PBXGroup;
			children = (
				BCCEEF2021B10C8F00AC44C3 /* PublishRelay.storyboard */,
				BCCEEF2221B10C9D00AC44C3 /* PublishRelayViewController.swift */,
			);
			path = PublishRelay;
			sourceTree = "<group>";
		};
		BCDE982621B1295A006615BC /* Concat */ = {
			isa = PBXGroup;
			children = (
				BCDE982921B1297E006615BC /* Concat.storyboard */,
				BCDE982721B12972006615BC /* ConcatViewController.swift */,
			);
			path = Concat;
			sourceTree = "<group>";
		};
		BCE306112193F95C00611ADF = {
			isa = PBXGroup;
			children = (
				BC2778AE219E1E540011D4EB /* README.md */,
				BCE3061C2193F95C00611ADF /* JWSRxSwiftBeginningSample */,
				BCE3061B2193F95C00611ADF /* Products */,
				B18BAB4C016511BC51B7AD4C /* Pods */,
				1FA0C61AF3084DF942FB014A /* Frameworks */,
			);
			sourceTree = "<group>";
		};
		BCE3061B2193F95C00611ADF /* Products */ = {
			isa = PBXGroup;
			children = (
				BCE3061A2193F95C00611ADF /* JWSRxSwiftBeginningSample.app */,
			);
			name = Products;
			sourceTree = "<group>";
		};
		BCE3061C2193F95C00611ADF /* JWSRxSwiftBeginningSample */ = {
			isa = PBXGroup;
			children = (
				BCE306332193FCAD00611ADF /* Common */,
				BCE3063A2194250400611ADF /* Samples */,
				BCE3061D2193F95C00611ADF /* AppDelegate.swift */,
				BCE3061F2193F95C00611ADF /* ViewController.swift */,
				BCE306212193F95C00611ADF /* Main.storyboard */,
				BCE306242193F95D00611ADF /* Assets.xcassets */,
				BCE306262193F95D00611ADF /* LaunchScreen.storyboard */,
				BCE306292193F95D00611ADF /* Info.plist */,
				BCE3062F2193FC0800611ADF /* JWSRxSwiftBeginningSample-Bridging-Header.h */,
			);
			path = JWSRxSwiftBeginningSample;
			sourceTree = "<group>";
		};
		BCE306332193FCAD00611ADF /* Common */ = {
			isa = PBXGroup;
			children = (
				BCE306342193FCC100611ADF /* BaseViewController.swift */,
				BCE30638219418E000611ADF /* UIViewControllerExtension.swift */,
			);
			path = Common;
			sourceTree = "<group>";
		};
		BCE3063A2194250400611ADF /* Samples */ = {
			isa = PBXGroup;
			children = (
				BCE3063C2194257C00611ADF /* Start */,
				BCE3063B2194251600611ADF /* Create */,
				BCAEBD872195543200992902 /* Just */,
				BCC17E32219DBD0C00848071 /* Of */,
				BCC17E37219DC12100848071 /* Range */,
				BC1929072199900E00690A73 /* Map */,
				BCAEBD882195543E00992902 /* Scan */,
				BC19290221996CD300690A73 /* FlatMap */,
				BC359C4221A2A28D00DE22A5 /* Filter */,
				BCC17E2D219DA30000848071 /* Zip */,
				BC2778B0219E215F0011D4EB /* Gugudan */,
				BC359C4821A3E5C700DE22A5 /* Interval */,
				BCB288F821A4FE5A007926A2 /* Timer */,
				BCB288FD21A5433B007926A2 /* Defer */,
				BCB2890221A6C479007926A2 /* ConcatMap */,
				BCCEEECA21AE5F3600AC44C3 /* PublishSubject */,
				BCCEEECF21AF5C7A00AC44C3 /* ReplaySubject */,
				BCCEEED421AF840100AC44C3 /* BehaviorSubject */,
				BCCEEF1521B0AF5500AC44C3 /* Variable */,
				BCCEEF1A21B0D85300AC44C3 /* BehaviorReplay */,
				BCCEEF1F21B1022000AC44C3 /* PublishRelay */,
				BCDE982621B1295A006615BC /* Concat */,
			);
			path = Samples;
			sourceTree = "<group>";
		};
		BCE3063B2194251600611ADF /* Create */ = {
			isa = PBXGroup;
			children = (
				BCAEBD832195181300992902 /* Create.storyboard */,
				BCAEBD85219540C500992902 /* CreateViewController.swift */,
			);
			path = Create;
			sourceTree = "<group>";
		};
		BCE3063C2194257C00611ADF /* Start */ = {
			isa = PBXGroup;
			children = (
				BCE3063F2194274E00611ADF /* Start.storyboard */,
				BCE3063D2194259700611ADF /* StartViewController.swift */,
			);
			path = Start;
			sourceTree = "<group>";
		};
/* End PBXGroup section */

/* Begin PBXNativeTarget section */
		BCE306192193F95C00611ADF /* JWSRxSwiftBeginningSample */ = {
			isa = PBXNativeTarget;
			buildConfigurationList = BCE3062C2193F95D00611ADF /* Build configuration list for PBXNativeTarget "JWSRxSwiftBeginningSample" */;
			buildPhases = (
				E011030CF60EE23D5FC402E7 /* [CP] Check Pods Manifest.lock */,
				BCE306162193F95C00611ADF /* Sources */,
				BCE306172193F95C00611ADF /* Frameworks */,
				BCE306182193F95C00611ADF /* Resources */,
				45EF8B78E7AE8E7A34DFCEDB /* [CP] Embed Pods Frameworks */,
			);
			buildRules = (
			);
			dependencies = (
			);
			name = JWSRxSwiftBeginningSample;
			productName = JWSRxSwiftBeginningSample;
			productReference = BCE3061A2193F95C00611ADF /* JWSRxSwiftBeginningSample.app */;
			productType = "com.apple.product-type.application";
		};
/* End PBXNativeTarget section */

/* Begin PBXProject section */
		BCE306122193F95C00611ADF /* Project object */ = {
			isa = PBXProject;
			attributes = {
				LastSwiftUpdateCheck = 1010;
				LastUpgradeCheck = 1010;
				ORGANIZATIONNAME = clintjang;
				TargetAttributes = {
					BCE306192193F95C00611ADF = {
						CreatedOnToolsVersion = 10.1;
						LastSwiftMigration = 1010;
					};
				};
			};
			buildConfigurationList = BCE306152193F95C00611ADF /* Build configuration list for PBXProject "JWSRxSwiftBeginningSample" */;
			compatibilityVersion = "Xcode 9.3";
			developmentRegion = en;
			hasScannedForEncodings = 0;
			knownRegions = (
				en,
				Base,
			);
			mainGroup = BCE306112193F95C00611ADF;
			productRefGroup = BCE3061B2193F95C00611ADF /* Products */;
			projectDirPath = "";
			projectRoot = "";
			targets = (
				BCE306192193F95C00611ADF /* JWSRxSwiftBeginningSample */,
			);
		};
/* End PBXProject section */

/* Begin PBXResourcesBuildPhase section */
		BCE306182193F95C00611ADF /* Resources */ = {
			isa = PBXResourcesBuildPhase;
			buildActionMask = 2147483647;
			files = (
				BCC17E34219DBD2500848071 /* Of.storyboard in Resources */,
				BCCEEED621AF866800AC44C3 /* BehaviorSubject.storyboard in Resources */,
				BCAEBD8A21955A0300992902 /* Just.storyboard in Resources */,
				BCCEEED121AF5C9A00AC44C3 /* ReplaySubject.storyboard in Resources */,
				BC359C4421A2A4FA00DE22A5 /* Filter.storyboard in Resources */,
				BCCEEF1C21B0D88100AC44C3 /* BehaviorRelay.storyboard in Resources */,
				BCAEBD842195181300992902 /* Create.storyboard in Resources */,
				BC19290B2199904200690A73 /* Map.storyboard in Resources */,
				BCCEEF2121B10C8F00AC44C3 /* PublishRelay.storyboard in Resources */,
				BC2778AF219E1E540011D4EB /* README.md in Resources */,
				BCDE982A21B1297E006615BC /* Concat.storyboard in Resources */,
				BCC17E39219DC13700848071 /* Range.storyboard in Resources */,
				BCB2890421A6C496007926A2 /* ConcatMap.storyboard in Resources */,
				BCE306282193F95D00611ADF /* LaunchScreen.storyboard in Resources */,
				BCC17E2F219DA31E00848071 /* Zip.storyboard in Resources */,
				BCE306402194274E00611ADF /* Start.storyboard in Resources */,
				BCAEBD8E21955A5200992902 /* Scan.storyboard in Resources */,
				BCB288FF21A54362007926A2 /* Deferred.storyboard in Resources */,
				BCE306252193F95D00611ADF /* Assets.xcassets in Resources */,
				BCB288FA21A4FE8C007926A2 /* Timer.storyboard in Resources */,
				BCCEEECC21AE5F4C00AC44C3 /* PublishSubject.storyboard in Resources */,
				BC19290421996CFA00690A73 /* FlatMap.storyboard in Resources */,
				BC2778B2219E217C0011D4EB /* Gugudan.storyboard in Resources */,
				BCE306232193F95C00611ADF /* Main.storyboard in Resources */,
				BC359C4A21A3E5E900DE22A5 /* Interval.storyboard in Resources */,
				BCCEEF1721B0B10000AC44C3 /* Variable.storyboard in Resources */,
			);
			runOnlyForDeploymentPostprocessing = 0;
		};
/* End PBXResourcesBuildPhase section */

/* Begin PBXShellScriptBuildPhase section */
		45EF8B78E7AE8E7A34DFCEDB /* [CP] Embed Pods Frameworks */ = {
			isa = PBXShellScriptBuildPhase;
			buildActionMask = 2147483647;
			files = (
			);
			inputPaths = (
				"${SRCROOT}/Pods/Target Support Files/Pods-JWSRxSwiftBeginningSample/Pods-JWSRxSwiftBeginningSample-frameworks.sh",
				"${BUILT_PRODUCTS_DIR}/Alamofire/Alamofire.framework",
				"${BUILT_PRODUCTS_DIR}/RxAlamofire/RxAlamofire.framework",
				"${BUILT_PRODUCTS_DIR}/RxCocoa/RxCocoa.framework",
				"${BUILT_PRODUCTS_DIR}/RxSwift/RxSwift.framework",
			);
			name = "[CP] Embed Pods Frameworks";
			outputPaths = (
				"${TARGET_BUILD_DIR}/${FRAMEWORKS_FOLDER_PATH}/Alamofire.framework",
				"${TARGET_BUILD_DIR}/${FRAMEWORKS_FOLDER_PATH}/RxAlamofire.framework",
				"${TARGET_BUILD_DIR}/${FRAMEWORKS_FOLDER_PATH}/RxCocoa.framework",
				"${TARGET_BUILD_DIR}/${FRAMEWORKS_FOLDER_PATH}/RxSwift.framework",
			);
			runOnlyForDeploymentPostprocessing = 0;
			shellPath = /bin/sh;
			shellScript = "\"${SRCROOT}/Pods/Target Support Files/Pods-JWSRxSwiftBeginningSample/Pods-JWSRxSwiftBeginningSample-frameworks.sh\"\n";
			showEnvVarsInLog = 0;
		};
		E011030CF60EE23D5FC402E7 /* [CP] Check Pods Manifest.lock */ = {
			isa = PBXShellScriptBuildPhase;
			buildActionMask = 2147483647;
			files = (
			);
			inputPaths = (
				"${PODS_PODFILE_DIR_PATH}/Podfile.lock",
				"${PODS_ROOT}/Manifest.lock",
			);
			name = "[CP] Check Pods Manifest.lock";
			outputPaths = (
				"$(DERIVED_FILE_DIR)/Pods-JWSRxSwiftBeginningSample-checkManifestLockResult.txt",
			);
			runOnlyForDeploymentPostprocessing = 0;
			shellPath = /bin/sh;
			shellScript = "diff \"${PODS_PODFILE_DIR_PATH}/Podfile.lock\" \"${PODS_ROOT}/Manifest.lock\" > /dev/null\nif [ $? != 0 ] ; then\n    # print error to STDERR\n    echo \"error: The sandbox is not in sync with the Podfile.lock. Run 'pod install' or update your CocoaPods installation.\" >&2\n    exit 1\nfi\n# This output is used by Xcode 'outputs' to avoid re-running this script phase.\necho \"SUCCESS\" > \"${SCRIPT_OUTPUT_FILE_0}\"\n";
			showEnvVarsInLog = 0;
		};
/* End PBXShellScriptBuildPhase section */

/* Begin PBXSourcesBuildPhase section */
		BCE306162193F95C00611ADF /* Sources */ = {
			isa = PBXSourcesBuildPhase;
			buildActionMask = 2147483647;
			files = (
				BCCEEF1921B0B11200AC44C3 /* VariableViewController.swift in Sources */,
				BC2778B6219E21A90011D4EB /* GugudanViewController.swift in Sources */,
				BCC17E31219DA34200848071 /* ZipViewController.swift in Sources */,
				BCAEBD8C21955A3400992902 /* JustViewController.swift in Sources */,
				BCB2890621A6C4B6007926A2 /* ConcatMapViewController.swift in Sources */,
				BCE3063E2194259700611ADF /* StartViewController.swift in Sources */,
				BCE306202193F95C00611ADF /* ViewController.swift in Sources */,
				BC1929092199902A00690A73 /* MapViewController.swift in Sources */,
				BCC17E36219DBD3F00848071 /* OfViewController.swift in Sources */,
				BCAEBD86219540C500992902 /* CreateViewController.swift in Sources */,
				BCE30639219418E000611ADF /* UIViewControllerExtension.swift in Sources */,
				BC359C4621A2A50C00DE22A5 /* FilterViewController.swift in Sources */,
				BCCEEED321AF5CB200AC44C3 /* ReplaySubjectViewController.swift in Sources */,
				BCCEEF1E21B0D89C00AC44C3 /* BehaviorRelayViewController.swift in Sources */,
				BCDE982821B12972006615BC /* ConcatViewController.swift in Sources */,
				BCCEEECE21AE5F6E00AC44C3 /* PublishSubjectViewController.swift in Sources */,
				BCE3061E2193F95C00611ADF /* AppDelegate.swift in Sources */,
				BCCEEF2321B10C9D00AC44C3 /* PublishRelayViewController.swift in Sources */,
				BC359C4C21A3E5FD00DE22A5 /* IntervalViewController.swift in Sources */,
				BCB288FC21A4FEA7007926A2 /* TimerViewController.swift in Sources */,
				BCE306352193FCC100611ADF /* BaseViewController.swift in Sources */,
				BCCEEED821AF87C500AC44C3 /* BehaviorSubjectViewController.swift in Sources */,
				BC19290621996D0F00690A73 /* FlatMapViewController.swift in Sources */,
				BCAEBD9021955A6100992902 /* ScanViewController.swift in Sources */,
				BCC17E3B219DC14600848071 /* RangeViewController.swift in Sources */,
				BCB2890121A54370007926A2 /* DeferredViewController.swift in Sources */,
			);
			runOnlyForDeploymentPostprocessing = 0;
		};
/* End PBXSourcesBuildPhase section */

/* Begin PBXVariantGroup section */
		BCE306212193F95C00611ADF /* Main.storyboard */ = {
			isa = PBXVariantGroup;
			children = (
				BCE306222193F95C00611ADF /* Base */,
			);
			name = Main.storyboard;
			sourceTree = "<group>";
		};
		BCE306262193F95D00611ADF /* LaunchScreen.storyboard */ = {
			isa = PBXVariantGroup;
			children = (
				BCE306272193F95D00611ADF /* Base */,
			);
			name = LaunchScreen.storyboard;
			sourceTree = "<group>";
		};
/* End PBXVariantGroup section */

/* Begin XCBuildConfiguration section */
		BCE3062A2193F95D00611ADF /* Debug */ = {
			isa = XCBuildConfiguration;
			buildSettings = {
				ALWAYS_SEARCH_USER_PATHS = NO;
				CLANG_ANALYZER_NONNULL = YES;
				CLANG_ANALYZER_NUMBER_OBJECT_CONVERSION = YES_AGGRESSIVE;
				CLANG_CXX_LANGUAGE_STANDARD = "gnu++14";
				CLANG_CXX_LIBRARY = "libc++";
				CLANG_ENABLE_MODULES = YES;
				CLANG_ENABLE_OBJC_ARC = YES;
				CLANG_ENABLE_OBJC_WEAK = YES;
				CLANG_WARN_BLOCK_CAPTURE_AUTORELEASING = YES;
				CLANG_WARN_BOOL_CONVERSION = YES;
				CLANG_WARN_COMMA = YES;
				CLANG_WARN_CONSTANT_CONVERSION = YES;
				CLANG_WARN_DEPRECATED_OBJC_IMPLEMENTATIONS = YES;
				CLANG_WARN_DIRECT_OBJC_ISA_USAGE = YES_ERROR;
				CLANG_WARN_DOCUMENTATION_COMMENTS = YES;
				CLANG_WARN_EMPTY_BODY = YES;
				CLANG_WARN_ENUM_CONVERSION = YES;
				CLANG_WARN_INFINITE_RECURSION = YES;
				CLANG_WARN_INT_CONVERSION = YES;
				CLANG_WARN_NON_LITERAL_NULL_CONVERSION = YES;
				CLANG_WARN_OBJC_IMPLICIT_RETAIN_SELF = YES;
				CLANG_WARN_OBJC_LITERAL_CONVERSION = YES;
				CLANG_WARN_OBJC_ROOT_CLASS = YES_ERROR;
				CLANG_WARN_RANGE_LOOP_ANALYSIS = YES;
				CLANG_WARN_STRICT_PROTOTYPES = YES;
				CLANG_WARN_SUSPICIOUS_MOVE = YES;
				CLANG_WARN_UNGUARDED_AVAILABILITY = YES_AGGRESSIVE;
				CLANG_WARN_UNREACHABLE_CODE = YES;
				CLANG_WARN__DUPLICATE_METHOD_MATCH = YES;
				CODE_SIGN_IDENTITY = "iPhone Developer";
				COPY_PHASE_STRIP = NO;
				DEBUG_INFORMATION_FORMAT = dwarf;
				ENABLE_STRICT_OBJC_MSGSEND = YES;
				ENABLE_TESTABILITY = YES;
				GCC_C_LANGUAGE_STANDARD = gnu11;
				GCC_DYNAMIC_NO_PIC = NO;
				GCC_NO_COMMON_BLOCKS = YES;
				GCC_OPTIMIZATION_LEVEL = 0;
				GCC_PREPROCESSOR_DEFINITIONS = (
					"DEBUG=1",
					"$(inherited)",
				);
				GCC_WARN_64_TO_32_BIT_CONVERSION = YES;
				GCC_WARN_ABOUT_RETURN_TYPE = YES_ERROR;
				GCC_WARN_UNDECLARED_SELECTOR = YES;
				GCC_WARN_UNINITIALIZED_AUTOS = YES_AGGRESSIVE;
				GCC_WARN_UNUSED_FUNCTION = YES;
				GCC_WARN_UNUSED_VARIABLE = YES;
				IPHONEOS_DEPLOYMENT_TARGET = 12.1;
				MTL_ENABLE_DEBUG_INFO = INCLUDE_SOURCE;
				MTL_FAST_MATH = YES;
				ONLY_ACTIVE_ARCH = YES;
				SDKROOT = iphoneos;
				SWIFT_ACTIVE_COMPILATION_CONDITIONS = DEBUG;
				SWIFT_OPTIMIZATION_LEVEL = "-Onone";
			};
			name = Debug;
		};
		BCE3062B2193F95D00611ADF /* Release */ = {
			isa = XCBuildConfiguration;
			buildSettings = {
				ALWAYS_SEARCH_USER_PATHS = NO;
				CLANG_ANALYZER_NONNULL = YES;
				CLANG_ANALYZER_NUMBER_OBJECT_CONVERSION = YES_AGGRESSIVE;
				CLANG_CXX_LANGUAGE_STANDARD = "gnu++14";
				CLANG_CXX_LIBRARY = "libc++";
				CLANG_ENABLE_MODULES = YES;
				CLANG_ENABLE_OBJC_ARC = YES;
				CLANG_ENABLE_OBJC_WEAK = YES;
				CLANG_WARN_BLOCK_CAPTURE_AUTORELEASING = YES;
				CLANG_WARN_BOOL_CONVERSION = YES;
				CLANG_WARN_COMMA = YES;
				CLANG_WARN_CONSTANT_CONVERSION = YES;
				CLANG_WARN_DEPRECATED_OBJC_IMPLEMENTATIONS = YES;
				CLANG_WARN_DIRECT_OBJC_ISA_USAGE = YES_ERROR;
				CLANG_WARN_DOCUMENTATION_COMMENTS = YES;
				CLANG_WARN_EMPTY_BODY = YES;
				CLANG_WARN_ENUM_CONVERSION = YES;
				CLANG_WARN_INFINITE_RECURSION = YES;
				CLANG_WARN_INT_CONVERSION = YES;
				CLANG_WARN_NON_LITERAL_NULL_CONVERSION = YES;
				CLANG_WARN_OBJC_IMPLICIT_RETAIN_SELF = YES;
				CLANG_WARN_OBJC_LITERAL_CONVERSION = YES;
				CLANG_WARN_OBJC_ROOT_CLASS = YES_ERROR;
				CLANG_WARN_RANGE_LOOP_ANALYSIS = YES;
				CLANG_WARN_STRICT_PROTOTYPES = YES;
				CLANG_WARN_SUSPICIOUS_MOVE = YES;
				CLANG_WARN_UNGUARDED_AVAILABILITY = YES_AGGRESSIVE;
				CLANG_WARN_UNREACHABLE_CODE = YES;
				CLANG_WARN__DUPLICATE_METHOD_MATCH = YES;
				CODE_SIGN_IDENTITY = "iPhone Developer";
				COPY_PHASE_STRIP = NO;
				DEBUG_INFORMATION_FORMAT = "dwarf-with-dsym";
				ENABLE_NS_ASSERTIONS = NO;
				ENABLE_STRICT_OBJC_MSGSEND = YES;
				GCC_C_LANGUAGE_STANDARD = gnu11;
				GCC_NO_COMMON_BLOCKS = YES;
				GCC_WARN_64_TO_32_BIT_CONVERSION = YES;
				GCC_WARN_ABOUT_RETURN_TYPE = YES_ERROR;
				GCC_WARN_UNDECLARED_SELECTOR = YES;
				GCC_WARN_UNINITIALIZED_AUTOS = YES_AGGRESSIVE;
				GCC_WARN_UNUSED_FUNCTION = YES;
				GCC_WARN_UNUSED_VARIABLE = YES;
				IPHONEOS_DEPLOYMENT_TARGET = 12.1;
				MTL_ENABLE_DEBUG_INFO = NO;
				MTL_FAST_MATH = YES;
				SDKROOT = iphoneos;
				SWIFT_COMPILATION_MODE = wholemodule;
				SWIFT_OPTIMIZATION_LEVEL = "-O";
				VALIDATE_PRODUCT = YES;
			};
			name = Release;
		};
		BCE3062D2193F95D00611ADF /* Debug */ = {
			isa = XCBuildConfiguration;
			baseConfigurationReference = C5E7A5D155023D6FA0F3090D /* Pods-JWSRxSwiftBeginningSample.debug.xcconfig */;
			buildSettings = {
				ASSETCATALOG_COMPILER_APPICON_NAME = AppIcon;
				CLANG_ENABLE_MODULES = YES;
				CODE_SIGN_STYLE = Automatic;
				DEVELOPMENT_TEAM = Y72B7R5K2B;
				INFOPLIST_FILE = JWSRxSwiftBeginningSample/Info.plist;
				IPHONEOS_DEPLOYMENT_TARGET = 11.0;
				LD_RUNPATH_SEARCH_PATHS = (
					"$(inherited)",
					"@executable_path/Frameworks",
				);
				PRODUCT_BUNDLE_IDENTIFIER = kr.co.clintjang.JWSRxSwiftBeginningSample;
				PRODUCT_NAME = "$(TARGET_NAME)";
				SWIFT_OBJC_BRIDGING_HEADER = "JWSRxSwiftBeginningSample/JWSRxSwiftBeginningSample-Bridging-Header.h";
				SWIFT_OPTIMIZATION_LEVEL = "-Onone";
				SWIFT_VERSION = 4.2;
				TARGETED_DEVICE_FAMILY = "1,2";
			};
			name = Debug;
		};
		BCE3062E2193F95D00611ADF /* Release */ = {
			isa = XCBuildConfiguration;
			baseConfigurationReference = EDEB0E7C9814C92094511CE6 /* Pods-JWSRxSwiftBeginningSample.release.xcconfig */;
			buildSettings = {
				ASSETCATALOG_COMPILER_APPICON_NAME = AppIcon;
				CLANG_ENABLE_MODULES = YES;
				CODE_SIGN_STYLE = Automatic;
				DEVELOPMENT_TEAM = Y72B7R5K2B;
				INFOPLIST_FILE = JWSRxSwiftBeginningSample/Info.plist;
				IPHONEOS_DEPLOYMENT_TARGET = 11.0;
				LD_RUNPATH_SEARCH_PATHS = (
					"$(inherited)",
					"@executable_path/Frameworks",
				);
				PRODUCT_BUNDLE_IDENTIFIER = kr.co.clintjang.JWSRxSwiftBeginningSample;
				PRODUCT_NAME = "$(TARGET_NAME)";
				SWIFT_OBJC_BRIDGING_HEADER = "JWSRxSwiftBeginningSample/JWSRxSwiftBeginningSample-Bridging-Header.h";
				SWIFT_VERSION = 4.2;
				TARGETED_DEVICE_FAMILY = "1,2";
			};
			name = Release;
		};
/* End XCBuildConfiguration section */

/* Begin XCConfigurationList section */
		BCE306152193F95C00611ADF /* Build configuration list for PBXProject "JWSRxSwiftBeginningSample" */ = {
			isa = XCConfigurationList;
			buildConfigurations = (
				BCE3062A2193F95D00611ADF /* Debug */,
				BCE3062B2193F95D00611ADF /* Release */,
			);
			defaultConfigurationIsVisible = 0;
			defaultConfigurationName = Release;
		};
		BCE3062C2193F95D00611ADF /* Build configuration list for PBXNativeTarget "JWSRxSwiftBeginningSample" */ = {
			isa = XCConfigurationList;
			buildConfigurations = (
				BCE3062D2193F95D00611ADF /* Debug */,
				BCE3062E2193F95D00611ADF /* Release */,
			);
			defaultConfigurationIsVisible = 0;
			defaultConfigurationName = Release;
		};
/* End XCConfigurationList section */
	};
	rootObject = BCE306122193F95C00611ADF /* Project object */;
}
